
Microsoft Visual Studio Solution File, Format Version 12.00
# Visual Studio 2013
VisualStudioVersion = 12.0.31101.0
MinimumVisualStudioVersion = 10.0.40219.1
Project("{FAE04EC0-301F-11D3-BF4B-00C04F79EFBC}") = "TestyJezyka", "TestyJezyka\TestyJezyka.csproj", "{17B46A52-C2EE-4CFB-B97D-A9BFFF8838D7}"
EndProject
Project("{00D1A9C2-B5F0-4AF3-8072-F6C62B433612}") = "dbRozlZEE", "dbRozlZEE\dbRozlZEE.sqlproj", "{13216D81-C366-48BC-AE2E-9A7B8B952BBF}"
EndProject
Project("{FAE04EC0-301F-11D3-BF4B-00C04F79EFBC}") = "wcfRozlZEE", "wcfRozlZEE\wcfRozlZEE.csproj", "{9AFD2384-A25E-4D5A-9C28-959A4D17E93B}"
EndProject
Project("{FAE04EC0-301F-11D3-BF4B-00C04F79EFBC}") = "WebAPI.RozlZEE", "WebAPI.RozlZEE\WebAPI.RozlZEE.csproj", "{73BD25D1-C709-41C1-AF35-A4371DB49562}"
EndProject
Project("{FAE04EC0-301F-11D3-BF4B-00C04F79EFBC}") = "WebAPI.RozlZEE.Tests", "WebAPI.RozlZEE.Tests\WebAPI.RozlZEE.Tests.csproj", "{5F9D3A66-3700-4E4B-92BB-3C9802BED5DB}"
EndProject
Project("{FAE04EC0-301F-11D3-BF4B-00C04F79EFBC}") = "WebApplication1", "WebApplication1\WebApplication1.csproj", "{B775B6B6-6B27-46B2-87FC-84085AF800EF}"
EndProject
Global
	GlobalSection(SolutionConfigurationPlatforms) = preSolution
		Debug|Any CPU = Debug|Any CPU
		Debug|Mixed Platforms = Debug|Mixed Platforms
		Debug|x86 = Debug|x86
		Release|Any CPU = Release|Any CPU
		Release|Mixed Platforms = Release|Mixed Platforms
		Release|x86 = Release|x86
	EndGlobalSection
	GlobalSection(ProjectConfigurationPlatforms) = postSolution
		{17B46A52-C2EE-4CFB-B97D-A9BFFF8838D7}.Debug|Any CPU.ActiveCfg = Debug|Any CPU
		{17B46A52-C2EE-4CFB-B97D-A9BFFF8838D7}.Debug|Any CPU.Build.0 = Debug|Any CPU
		{17B46A52-C2EE-4CFB-B97D-A9BFFF8838D7}.Debug|Mixed Platforms.ActiveCfg = Debug|Any CPU
		{17B46A52-C2EE-4CFB-B97D-A9BFFF8838D7}.Debug|Mixed Platforms.Build.0 = Debug|Any CPU
		{17B46A52-C2EE-4CFB-B97D-A9BFFF8838D7}.Debug|x86.ActiveCfg = Debug|Any CPU
		{17B46A52-C2EE-4CFB-B97D-A9BFFF8838D7}.Release|Any CPU.ActiveCfg = Release|Any CPU
		{17B46A52-C2EE-4CFB-B97D-A9BFFF8838D7}.Release|Any CPU.Build.0 = Release|Any CPU
		{17B46A52-C2EE-4CFB-B97D-A9BFFF8838D7}.Release|Mixed Platforms.ActiveCfg = Release|Any CPU
		{17B46A52-C2EE-4CFB-B97D-A9BFFF8838D7}.Release|Mixed Platforms.Build.0 = Release|Any CPU
		{17B46A52-C2EE-4CFB-B97D-A9BFFF8838D7}.Release|x86.ActiveCfg = Release|Any CPU
		{13216D81-C366-48BC-AE2E-9A7B8B952BBF}.Debug|Any CPU.ActiveCfg = Debug|Any CPU
		{13216D81-C366-48BC-AE2E-9A7B8B952BBF}.Debug|Any CPU.Build.0 = Debug|Any CPU
		{13216D81-C366-48BC-AE2E-9A7B8B952BBF}.Debug|Any CPU.Deploy.0 = Debug|Any CPU
		{13216D81-C366-48BC-AE2E-9A7B8B952BBF}.Debug|Mixed Platforms.ActiveCfg = Debug|Any CPU
		{13216D81-C366-48BC-AE2E-9A7B8B952BBF}.Debug|Mixed Platforms.Build.0 = Debug|Any CPU
		{13216D81-C366-48BC-AE2E-9A7B8B952BBF}.Debug|Mixed Platforms.Deploy.0 = Debug|Any CPU
		{13216D81-C366-48BC-AE2E-9A7B8B952BBF}.Debug|x86.ActiveCfg = Debug|Any CPU
		{13216D81-C366-48BC-AE2E-9A7B8B952BBF}.Release|Any CPU.ActiveCfg = Release|Any CPU
		{13216D81-C366-48BC-AE2E-9A7B8B952BBF}.Release|Any CPU.Build.0 = Release|Any CPU
		{13216D81-C366-48BC-AE2E-9A7B8B952BBF}.Release|Any CPU.Deploy.0 = Release|Any CPU
		{13216D81-C366-48BC-AE2E-9A7B8B952BBF}.Release|Mixed Platforms.ActiveCfg = Release|Any CPU
		{13216D81-C366-48BC-AE2E-9A7B8B952BBF}.Release|Mixed Platforms.Build.0 = Release|Any CPU
		{13216D81-C366-48BC-AE2E-9A7B8B952BBF}.Release|Mixed Platforms.Deploy.0 = Release|Any CPU
		{13216D81-C366-48BC-AE2E-9A7B8B952BBF}.Release|x86.ActiveCfg = Release|Any CPU
		{9AFD2384-A25E-4D5A-9C28-959A4D17E93B}.Debug|Any CPU.ActiveCfg = Debug|Any CPU
		{9AFD2384-A25E-4D5A-9C28-959A4D17E93B}.Debug|Any CPU.Build.0 = Debug|Any CPU
		{9AFD2384-A25E-4D5A-9C28-959A4D17E93B}.Debug|Mixed Platforms.ActiveCfg = Debug|Any CPU
		{9AFD2384-A25E-4D5A-9C28-959A4D17E93B}.Debug|Mixed Platforms.Build.0 = Debug|Any CPU
		{9AFD2384-A25E-4D5A-9C28-959A4D17E93B}.Debug|x86.ActiveCfg = Debug|Any CPU
		{9AFD2384-A25E-4D5A-9C28-959A4D17E93B}.Release|Any CPU.ActiveCfg = Release|Any CPU
		{9AFD2384-A25E-4D5A-9C28-959A4D17E93B}.Release|Any CPU.Build.0 = Release|Any CPU
		{9AFD2384-A25E-4D5A-9C28-959A4D17E93B}.Release|Mixed Platforms.ActiveCfg = Release|Any CPU
		{9AFD2384-A25E-4D5A-9C28-959A4D17E93B}.Release|Mixed Platforms.Build.0 = Release|Any CPU
		{9AFD2384-A25E-4D5A-9C28-959A4D17E93B}.Release|x86.ActiveCfg = Release|Any CPU
		{73BD25D1-C709-41C1-AF35-A4371DB49562}.Debug|Any CPU.ActiveCfg = Debug|Any CPU
		{73BD25D1-C709-41C1-AF35-A4371DB49562}.Debug|Any CPU.Build.0 = Debug|Any CPU
		{73BD25D1-C709-41C1-AF35-A4371DB49562}.Debug|Mixed Platforms.ActiveCfg = Debug|Any CPU
		{73BD25D1-C709-41C1-AF35-A4371DB49562}.Debug|Mixed Platforms.Build.0 = Debug|Any CPU
		{73BD25D1-C709-41C1-AF35-A4371DB49562}.Debug|x86.ActiveCfg = Debug|Any CPU
		{73BD25D1-C709-41C1-AF35-A4371DB49562}.Release|Any CPU.ActiveCfg = Release|Any CPU
		{73BD25D1-C709-41C1-AF35-A4371DB49562}.Release|Any CPU.Build.0 = Release|Any CPU
		{73BD25D1-C709-41C1-AF35-A4371DB49562}.Release|Mixed Platforms.ActiveCfg = Release|Any CPU
		{73BD25D1-C709-41C1-AF35-A4371DB49562}.Release|Mixed Platforms.Build.0 = Release|Any CPU
		{73BD25D1-C709-41C1-AF35-A4371DB49562}.Release|x86.ActiveCfg = Release|Any CPU
		{5F9D3A66-3700-4E4B-92BB-3C9802BED5DB}.Debug|Any CPU.ActiveCfg = Debug|Any CPU
		{5F9D3A66-3700-4E4B-92BB-3C9802BED5DB}.Debug|Any CPU.Build.0 = Debug|Any CPU
		{5F9D3A66-3700-4E4B-92BB-3C9802BED5DB}.Debug|Mixed Platforms.ActiveCfg = Debug|Any CPU
		{5F9D3A66-3700-4E4B-92BB-3C9802BED5DB}.Debug|Mixed Platforms.Build.0 = Debug|Any CPU
		{5F9D3A66-3700-4E4B-92BB-3C9802BED5DB}.Debug|x86.ActiveCfg = Debug|Any CPU
		{5F9D3A66-3700-4E4B-92BB-3C9802BED5DB}.Release|Any CPU.ActiveCfg = Release|Any CPU
		{5F9D3A66-3700-4E4B-92BB-3C9802BED5DB}.Release|Any CPU.Build.0 = Release|Any CPU
		{5F9D3A66-3700-4E4B-92BB-3C9802BED5DB}.Release|Mixed Platforms.ActiveCfg = Release|Any CPU
		{5F9D3A66-3700-4E4B-92BB-3C9802BED5DB}.Release|Mixed Platforms.Build.0 = Release|Any CPU
		{5F9D3A66-3700-4E4B-92BB-3C9802BED5DB}.Release|x86.ActiveCfg = Release|Any CPU
		{B775B6B6-6B27-46B2-87FC-84085AF800EF}.Debug|Any CPU.ActiveCfg = Debug|Any CPU
		{B775B6B6-6B27-46B2-87FC-84085AF800EF}.Debug|Any CPU.Build.0 = Debug|Any CPU
		{B775B6B6-6B27-46B2-87FC-84085AF800EF}.Debug|Mixed Platforms.ActiveCfg = Debug|Any CPU
		{B775B6B6-6B27-46B2-87FC-84085AF800EF}.Debug|Mixed Platforms.Build.0 = Debug|Any CPU
		{B775B6B6-6B27-46B2-87FC-84085AF800EF}.Debug|x86.ActiveCfg = Debug|Any CPU
		{B775B6B6-6B27-46B2-87FC-84085AF800EF}.Release|Any CPU.ActiveCfg = Release|Any CPU
		{B775B6B6-6B27-46B2-87FC-84085AF800EF}.Release|Any CPU.Build.0 = Release|Any CPU
		{B775B6B6-6B27-46B2-87FC-84085AF800EF}.Release|Mixed Platforms.ActiveCfg = Release|Any CPU
		{B775B6B6-6B27-46B2-87FC-84085AF800EF}.Release|Mixed Platforms.Build.0 = Release|Any CPU
		{B775B6B6-6B27-46B2-87FC-84085AF800EF}.Release|x86.ActiveCfg = Release|Any CPU
	EndGlobalSection
	GlobalSection(SolutionProperties) = preSolution
		HideSolutionNode = FALSE
	EndGlobalSection
EndGlobal
